{
    "_readme": [
        "This file locks the dependencies of your project to a known state",
        "Read more about it at https://getcomposer.org/doc/01-basic-usage.md#installing-dependencies",
        "This file is @generated automatically"
    ],
    "content-hash": "58db1c936557751881f1710c6d6f1032",
    "packages": [
        {
            "name": "league/commonmark",
            "version": "1.6.6",
            "source": {
                "type": "git",
                "url": "https://github.com/thephpleague/commonmark.git",
                "reference": "c4228d11e30d7493c6836d20872f9582d8ba6dcf"
            },
            "dist": {
                "type": "zip",
                "url": "https://api.github.com/repos/thephpleague/commonmark/zipball/c4228d11e30d7493c6836d20872f9582d8ba6dcf",
                "reference": "c4228d11e30d7493c6836d20872f9582d8ba6dcf",
                "shasum": ""
            },
            "require": {
                "ext-mbstring": "*",
                "php": "^7.1 || ^8.0"
            },
            "conflict": {
                "scrutinizer/ocular": "1.7.*"
            },
            "require-dev": {
                "cebe/markdown": "~1.0",
                "commonmark/commonmark.js": "0.29.2",
                "erusev/parsedown": "~1.0",
                "ext-json": "*",
                "github/gfm": "0.29.0",
                "michelf/php-markdown": "~1.4",
                "mikehaertl/php-shellcommand": "^1.4",
                "phpstan/phpstan": "^0.12.90",
                "phpunit/phpunit": "^7.5 || ^8.5 || ^9.2",
                "scrutinizer/ocular": "^1.5",
                "symfony/finder": "^4.2"
            },
            "bin": [
                "bin/commonmark"
            ],
            "type": "library",
            "autoload": {
                "psr-4": {
                    "League\\CommonMark\\": "src"
                }
            },
            "notification-url": "https://packagist.org/downloads/",
            "license": [
                "BSD-3-Clause"
            ],
            "authors": [
                {
                    "name": "Colin O'Dell",
                    "email": "colinodell@gmail.com",
                    "homepage": "https://www.colinodell.com",
                    "role": "Lead Developer"
                }
            ],
            "description": "Highly-extensible PHP Markdown parser which fully supports the CommonMark spec and Github-Flavored Markdown (GFM)",
            "homepage": "https://commonmark.thephpleague.com",
            "keywords": [
                "commonmark",
                "flavored",
                "gfm",
                "github",
                "github-flavored",
                "markdown",
                "md",
                "parser"
            ],
            "support": {
                "docs": "https://commonmark.thephpleague.com/",
                "issues": "https://github.com/thephpleague/commonmark/issues",
                "rss": "https://github.com/thephpleague/commonmark/releases.atom",
                "source": "https://github.com/thephpleague/commonmark"
            },
            "funding": [
                {
                    "url": "https://enjoy.gitstore.app/repositories/thephpleague/commonmark",
                    "type": "custom"
                },
                {
                    "url": "https://www.colinodell.com/sponsor",
                    "type": "custom"
                },
                {
                    "url": "https://www.paypal.me/colinpodell/10.00",
                    "type": "custom"
                },
                {
                    "url": "https://github.com/colinodell",
                    "type": "github"
                },
                {
                    "url": "https://www.patreon.com/colinodell",
                    "type": "patreon"
                },
                {
                    "url": "https://tidelift.com/funding/github/packagist/league/commonmark",
                    "type": "tidelift"
                }
            ],
            "time": "2021-07-17T17:13:23+00:00"
        }
    ],
    "packages-dev": [],
    "aliases": [],
    "minimum-stability": "stable",
    "stability-flags": [],
    "prefer-stable": false,
    "prefer-lowest": false,
    "platform": [],
    "platform-dev": [],
    "plugin-api-version": "2.0.0"
}
